
Microsoft Visual Studio Solution File, Format Version 12.00
# Visual Studio Version 17
VisualStudioVersion = 17.6.33829.357
MinimumVisualStudioVersion = 10.0.40219.1
Project("{FAE04EC0-301F-11D3-BF4B-00C04F79EFBC}") = "ExpenseTrackerAPI", "ExpenseTrackerAPI.csproj", "{24A5CA10-F00D-44C2-8B44-6C643F1DD0CC}"
EndProject
Global
	GlobalSection(SolutionConfigurationPlatforms) = preSolution
		Debug|Any CPU = Debug|Any CPU
		Release|Any CPU = Release|Any CPU
	EndGlobalSection
	GlobalSection(ProjectConfigurationPlatforms) = postSolution
		{24A5CA10-F00D-44C2-8B44-6C643F1DD0CC}.Debug|Any CPU.ActiveCfg = Debug|Any CPU
		{24A5CA10-F00D-44C2-8B44-6C643F1DD0CC}.Debug|Any CPU.Build.0 = Debug|Any CPU
		{24A5CA10-F00D-44C2-8B44-6C643F1DD0CC}.Release|Any CPU.ActiveCfg = Release|Any CPU
		{24A5CA10-F00D-44C2-8B44-6C643F1DD0CC}.Release|Any CPU.Build.0 = Release|Any CPU
	EndGlobalSection
	GlobalSection(SolutionProperties) = preSolution
		HideSolutionNode = FALSE
	EndGlobalSection
	GlobalSection(ExtensibilityGlobals) = postSolution
		SolutionGuid = {DCBE1ADF-C53D-42D3-A29E-59438D58BAD3}
	EndGlobalSection
EndGlobal
